
Microsoft Visual Studio Solution File, Format Version 12.00
# Visual Studio 15
VisualStudioVersion = 15.0.26124.0
MinimumVisualStudioVersion = 15.0.26124.0
Project("{FAE04EC0-301F-11D3-BF4B-00C04F79EFBC}") = "MyMath", "MyMath\MyMath.csproj", "{3CE6BC46-D774-48BB-A88F-C14C229A5BB7}"
EndProject
Project("{FAE04EC0-301F-11D3-BF4B-00C04F79EFBC}") = "MyMath.Tests", "MyMath.Tests\MyMath.Tests.csproj", "{302BE0FE-FD25-4CD0-9814-2B378142B75A}"
EndProject
Global
	GlobalSection(SolutionConfigurationPlatforms) = preSolution
		Debug|Any CPU = Debug|Any CPU
		Debug|x64 = Debug|x64
		Debug|x86 = Debug|x86
		Release|Any CPU = Release|Any CPU
		Release|x64 = Release|x64
		Release|x86 = Release|x86
	EndGlobalSection
	GlobalSection(SolutionProperties) = preSolution
		HideSolutionNode = FALSE
	EndGlobalSection
	GlobalSection(ProjectConfigurationPlatforms) = postSolution
		{3CE6BC46-D774-48BB-A88F-C14C229A5BB7}.Debug|Any CPU.ActiveCfg = Debug|Any CPU
		{3CE6BC46-D774-48BB-A88F-C14C229A5BB7}.Debug|Any CPU.Build.0 = Debug|Any CPU
		{3CE6BC46-D774-48BB-A88F-C14C229A5BB7}.Debug|x64.ActiveCfg = Debug|Any CPU
		{3CE6BC46-D774-48BB-A88F-C14C229A5BB7}.Debug|x64.Build.0 = Debug|Any CPU
		{3CE6BC46-D774-48BB-A88F-C14C229A5BB7}.Debug|x86.ActiveCfg = Debug|Any CPU
		{3CE6BC46-D774-48BB-A88F-C14C229A5BB7}.Debug|x86.Build.0 = Debug|Any CPU
		{3CE6BC46-D774-48BB-A88F-C14C229A5BB7}.Release|Any CPU.ActiveCfg = Release|Any CPU
		{3CE6BC46-D774-48BB-A88F-C14C229A5BB7}.Release|Any CPU.Build.0 = Release|Any CPU
		{3CE6BC46-D774-48BB-A88F-C14C229A5BB7}.Release|x64.ActiveCfg = Release|Any CPU
		{3CE6BC46-D774-48BB-A88F-C14C229A5BB7}.Release|x64.Build.0 = Release|Any CPU
		{3CE6BC46-D774-48BB-A88F-C14C229A5BB7}.Release|x86.ActiveCfg = Release|Any CPU
		{3CE6BC46-D774-48BB-A88F-C14C229A5BB7}.Release|x86.Build.0 = Release|Any CPU
		{302BE0FE-FD25-4CD0-9814-2B378142B75A}.Debug|Any CPU.ActiveCfg = Debug|Any CPU
		{302BE0FE-FD25-4CD0-9814-2B378142B75A}.Debug|Any CPU.Build.0 = Debug|Any CPU
		{302BE0FE-FD25-4CD0-9814-2B378142B75A}.Debug|x64.ActiveCfg = Debug|Any CPU
		{302BE0FE-FD25-4CD0-9814-2B378142B75A}.Debug|x64.Build.0 = Debug|Any CPU
		{302BE0FE-FD25-4CD0-9814-2B378142B75A}.Debug|x86.ActiveCfg = Debug|Any CPU
		{302BE0FE-FD25-4CD0-9814-2B378142B75A}.Debug|x86.Build.0 = Debug|Any CPU
		{302BE0FE-FD25-4CD0-9814-2B378142B75A}.Release|Any CPU.ActiveCfg = Release|Any CPU
		{302BE0FE-FD25-4CD0-9814-2B378142B75A}.Release|Any CPU.Build.0 = Release|Any CPU
		{302BE0FE-FD25-4CD0-9814-2B378142B75A}.Release|x64.ActiveCfg = Release|Any CPU
		{302BE0FE-FD25-4CD0-9814-2B378142B75A}.Release|x64.Build.0 = Release|Any CPU
		{302BE0FE-FD25-4CD0-9814-2B378142B75A}.Release|x86.ActiveCfg = Release|Any CPU
		{302BE0FE-FD25-4CD0-9814-2B378142B75A}.Release|x86.Build.0 = Release|Any CPU
	EndGlobalSection
EndGlobal
